
Microsoft Visual Studio Solution File, Format Version 12.00
# Visual Studio Version 17
VisualStudioVersion = 17.6.33815.320
MinimumVisualStudioVersion = 10.0.40219.1
Project("{FAE04EC0-301F-11D3-BF4B-00C04F79EFBC}") = "Ya_nolik_simki_net", "Ya_nolik_simki_net\Ya_nolik_simki_net.csproj", "{12024EDF-784B-4564-BB2D-D482BCF80E00}"
EndProject
Global
	GlobalSection(SolutionConfigurationPlatforms) = preSolution
		Debug|Any CPU = Debug|Any CPU
		Release|Any CPU = Release|Any CPU
	EndGlobalSection
	GlobalSection(ProjectConfigurationPlatforms) = postSolution
		{12024EDF-784B-4564-BB2D-D482BCF80E00}.Debug|Any CPU.ActiveCfg = Debug|Any CPU
		{12024EDF-784B-4564-BB2D-D482BCF80E00}.Debug|Any CPU.Build.0 = Debug|Any CPU
		{12024EDF-784B-4564-BB2D-D482BCF80E00}.Release|Any CPU.ActiveCfg = Release|Any CPU
		{12024EDF-784B-4564-BB2D-D482BCF80E00}.Release|Any CPU.Build.0 = Release|Any CPU
	EndGlobalSection
	GlobalSection(SolutionProperties) = preSolution
		HideSolutionNode = FALSE
	EndGlobalSection
	GlobalSection(ExtensibilityGlobals) = postSolution
		SolutionGuid = {60D236D1-7C07-4309-84B7-FB2D58CE2C54}
	EndGlobalSection
EndGlobal
